
Microsoft Visual Studio Solution File, Format Version 12.00
# Visual Studio 15
VisualStudioVersion = 15.0.28307.572
MinimumVisualStudioVersion = 10.0.40219.1
Project("{9A19103F-16F7-4668-BE54-9A1E7A4F7556}") = "sttp.net", "lib\sttp.net\sttp.net.csproj", "{6FF7B13E-E896-46C7-80D6-38ECA980AEEA}"
EndProject
Project("{2150E333-8FDC-42A3-9474-1A3956D46DE8}") = "root", "root", "{4D39845C-0194-4B38-A809-B704E7E3E294}"
	ProjectSection(SolutionItems) = preProject
		..\LICENSE = ..\LICENSE
		..\README.md = ..\README.md
	EndProjectSection
EndProject
Project("{2150E333-8FDC-42A3-9474-1A3956D46DE8}") = "lib", "lib", "{BF396782-BBCA-48F9-97BB-B34DE3A27B1F}"
EndProject
Project("{2150E333-8FDC-42A3-9474-1A3956D46DE8}") = "test", "test", "{B08F0FDF-B248-4325-83FE-96E1AE75F08E}"
EndProject
Project("{9A19103F-16F7-4668-BE54-9A1E7A4F7556}") = "SpeedTest", "test\SpeedTest\SpeedTest.csproj", "{5F3771CA-87A8-4D0F-A267-80FF46767867}"
EndProject
Project("{2150E333-8FDC-42A3-9474-1A3956D46DE8}") = "samples", "samples", "{B16245A3-AF8C-4FDF-802A-AC5BAE5BA70F}"
EndProject
Project("{9A19103F-16F7-4668-BE54-9A1E7A4F7556}") = "Subscriber", "samples\Subscriber\Subscriber.csproj", "{6DC2B06D-5CAD-4BD0-B0F6-6804E39F0CEB}"
EndProject
Project("{9A19103F-16F7-4668-BE54-9A1E7A4F7556}") = "Publisher", "samples\Publisher\Publisher.csproj", "{146E6EE3-ECB8-443D-9FEC-8876CF3BA0C7}"
EndProject
Project("{9A19103F-16F7-4668-BE54-9A1E7A4F7556}") = "AdvancedPublisher", "samples\AdvancedPublisher\AdvancedPublisher.csproj", "{41652813-BC92-4C54-B3C4-93C5DB0C005F}"
EndProject
Project("{2150E333-8FDC-42A3-9474-1A3956D46DE8}") = "build", "build", "{EE985C01-C291-40C6-A0F6-33C9C49077B2}"
	ProjectSection(SolutionItems) = preProject
		build-debug.bat = build-debug.bat
		build-release.bat = build-release.bat
	EndProjectSection
EndProject
Global
	GlobalSection(SolutionConfigurationPlatforms) = preSolution
		Debug|x64 = Debug|x64
		Debug|x86 = Debug|x86
		Release|x64 = Release|x64
		Release|x86 = Release|x86
	EndGlobalSection
	GlobalSection(ProjectConfigurationPlatforms) = postSolution
		{6FF7B13E-E896-46C7-80D6-38ECA980AEEA}.Debug|x64.ActiveCfg = Debug|x64
		{6FF7B13E-E896-46C7-80D6-38ECA980AEEA}.Debug|x64.Build.0 = Debug|x64
		{6FF7B13E-E896-46C7-80D6-38ECA980AEEA}.Debug|x86.ActiveCfg = Debug|x86
		{6FF7B13E-E896-46C7-80D6-38ECA980AEEA}.Debug|x86.Build.0 = Debug|x86
		{6FF7B13E-E896-46C7-80D6-38ECA980AEEA}.Release|x64.ActiveCfg = Release|x64
		{6FF7B13E-E896-46C7-80D6-38ECA980AEEA}.Release|x64.Build.0 = Release|x64
		{6FF7B13E-E896-46C7-80D6-38ECA980AEEA}.Release|x86.ActiveCfg = Release|x86
		{6FF7B13E-E896-46C7-80D6-38ECA980AEEA}.Release|x86.Build.0 = Release|x86
		{5F3771CA-87A8-4D0F-A267-80FF46767867}.Debug|x64.ActiveCfg = Debug|x64
		{5F3771CA-87A8-4D0F-A267-80FF46767867}.Debug|x64.Build.0 = Debug|x64
		{5F3771CA-87A8-4D0F-A267-80FF46767867}.Debug|x86.ActiveCfg = Debug|x86
		{5F3771CA-87A8-4D0F-A267-80FF46767867}.Debug|x86.Build.0 = Debug|x86
		{5F3771CA-87A8-4D0F-A267-80FF46767867}.Release|x64.ActiveCfg = Release|x64
		{5F3771CA-87A8-4D0F-A267-80FF46767867}.Release|x64.Build.0 = Release|x64
		{5F3771CA-87A8-4D0F-A267-80FF46767867}.Release|x86.ActiveCfg = Release|x86
		{5F3771CA-87A8-4D0F-A267-80FF46767867}.Release|x86.Build.0 = Release|x86
		{6DC2B06D-5CAD-4BD0-B0F6-6804E39F0CEB}.Debug|x64.ActiveCfg = Debug|x64
		{6DC2B06D-5CAD-4BD0-B0F6-6804E39F0CEB}.Debug|x64.Build.0 = Debug|x64
		{6DC2B06D-5CAD-4BD0-B0F6-6804E39F0CEB}.Debug|x86.ActiveCfg = Debug|x86
		{6DC2B06D-5CAD-4BD0-B0F6-6804E39F0CEB}.Debug|x86.Build.0 = Debug|x86
		{6DC2B06D-5CAD-4BD0-B0F6-6804E39F0CEB}.Release|x64.ActiveCfg = Release|x64
		{6DC2B06D-5CAD-4BD0-B0F6-6804E39F0CEB}.Release|x64.Build.0 = Release|x64
		{6DC2B06D-5CAD-4BD0-B0F6-6804E39F0CEB}.Release|x86.ActiveCfg = Release|x86
		{6DC2B06D-5CAD-4BD0-B0F6-6804E39F0CEB}.Release|x86.Build.0 = Release|x86
		{146E6EE3-ECB8-443D-9FEC-8876CF3BA0C7}.Debug|x64.ActiveCfg = Debug|x64
		{146E6EE3-ECB8-443D-9FEC-8876CF3BA0C7}.Debug|x64.Build.0 = Debug|x64
		{146E6EE3-ECB8-443D-9FEC-8876CF3BA0C7}.Debug|x86.ActiveCfg = Debug|x86
		{146E6EE3-ECB8-443D-9FEC-8876CF3BA0C7}.Debug|x86.Build.0 = Debug|x86
		{146E6EE3-ECB8-443D-9FEC-8876CF3BA0C7}.Release|x64.ActiveCfg = Release|x64
		{146E6EE3-ECB8-443D-9FEC-8876CF3BA0C7}.Release|x64.Build.0 = Release|x64
		{146E6EE3-ECB8-443D-9FEC-8876CF3BA0C7}.Release|x86.ActiveCfg = Release|x86
		{146E6EE3-ECB8-443D-9FEC-8876CF3BA0C7}.Release|x86.Build.0 = Release|x86
		{41652813-BC92-4C54-B3C4-93C5DB0C005F}.Debug|x64.ActiveCfg = Debug|x64
		{41652813-BC92-4C54-B3C4-93C5DB0C005F}.Debug|x64.Build.0 = Debug|x64
		{41652813-BC92-4C54-B3C4-93C5DB0C005F}.Debug|x86.ActiveCfg = Debug|x86
		{41652813-BC92-4C54-B3C4-93C5DB0C005F}.Debug|x86.Build.0 = Debug|x86
		{41652813-BC92-4C54-B3C4-93C5DB0C005F}.Release|x64.ActiveCfg = Release|x64
		{41652813-BC92-4C54-B3C4-93C5DB0C005F}.Release|x64.Build.0 = Release|x64
		{41652813-BC92-4C54-B3C4-93C5DB0C005F}.Release|x86.ActiveCfg = Release|x86
		{41652813-BC92-4C54-B3C4-93C5DB0C005F}.Release|x86.Build.0 = Release|x86
	EndGlobalSection
	GlobalSection(SolutionProperties) = preSolution
		HideSolutionNode = FALSE
	EndGlobalSection
	GlobalSection(NestedProjects) = preSolution
		{6FF7B13E-E896-46C7-80D6-38ECA980AEEA} = {BF396782-BBCA-48F9-97BB-B34DE3A27B1F}
		{5F3771CA-87A8-4D0F-A267-80FF46767867} = {B08F0FDF-B248-4325-83FE-96E1AE75F08E}
		{6DC2B06D-5CAD-4BD0-B0F6-6804E39F0CEB} = {B16245A3-AF8C-4FDF-802A-AC5BAE5BA70F}
		{146E6EE3-ECB8-443D-9FEC-8876CF3BA0C7} = {B16245A3-AF8C-4FDF-802A-AC5BAE5BA70F}
		{41652813-BC92-4C54-B3C4-93C5DB0C005F} = {B16245A3-AF8C-4FDF-802A-AC5BAE5BA70F}
	EndGlobalSection
	GlobalSection(ExtensibilityGlobals) = postSolution
		SolutionGuid = {DF3A4AE9-5250-4827-9634-1E11B7C0F3DE}
	EndGlobalSection
EndGlobal
