
Microsoft Visual Studio Solution File, Format Version 12.00
# Visual Studio 15
VisualStudioVersion = 15.0.28307.572
MinimumVisualStudioVersion = 10.0.40219.1
Project("{9A19103F-16F7-4668-BE54-9A1E7A4F7556}") = "sttp.cs", "sttp.cs\sttp.cs.csproj", "{6FF7B13E-E896-46C7-80D6-38ECA980AEEA}"
EndProject
Project("{8BC9CEB8-8B4A-11D0-8D11-00A0C91BC942}") = "sttp.cs.lib", "sttp.cs.lib\sttp.cs.lib.vcxproj", "{5F62CC62-DB34-4FCE-9B64-EB3A985B302C}"
EndProject
Project("{8BC9CEB8-8B4A-11D0-8D11-00A0C91BC942}") = "sttp.cpp", "cppapi\src\lib\sttp.cpp.vcxproj", "{759721EF-40AE-4763-B225-6CD2710219F8}"
EndProject
Project("{2150E333-8FDC-42A3-9474-1A3956D46DE8}") = "root", "root", "{4D39845C-0194-4B38-A809-B704E7E3E294}"
	ProjectSection(SolutionItems) = preProject
		..\LICENSE = ..\LICENSE
		..\README.md = ..\README.md
	EndProjectSection
EndProject
Project("{2150E333-8FDC-42A3-9474-1A3956D46DE8}") = "swig", "swig", "{6E173A0A-270F-4B17-A536-DCFD0FB4E6A8}"
	ProjectSection(SolutionItems) = preProject
		create-csharp-wrapper.bat = create-csharp-wrapper.bat
		nullable.i = nullable.i
		sttp.i = sttp.i
	EndProjectSection
EndProject
Project("{2150E333-8FDC-42A3-9474-1A3956D46DE8}") = "lib", "lib", "{BF396782-BBCA-48F9-97BB-B34DE3A27B1F}"
EndProject
Global
	GlobalSection(SolutionConfigurationPlatforms) = preSolution
		Debug|x64 = Debug|x64
		Debug|x86 = Debug|x86
		Debug-SWIG|x64 = Debug-SWIG|x64
		Debug-SWIG|x86 = Debug-SWIG|x86
		Release|x64 = Release|x64
		Release|x86 = Release|x86
		Release-SWIG|x64 = Release-SWIG|x64
		Release-SWIG|x86 = Release-SWIG|x86
	EndGlobalSection
	GlobalSection(ProjectConfigurationPlatforms) = postSolution
		{6FF7B13E-E896-46C7-80D6-38ECA980AEEA}.Debug|x64.ActiveCfg = Debug|x64
		{6FF7B13E-E896-46C7-80D6-38ECA980AEEA}.Debug|x64.Build.0 = Debug|x64
		{6FF7B13E-E896-46C7-80D6-38ECA980AEEA}.Debug|x86.ActiveCfg = Debug|x86
		{6FF7B13E-E896-46C7-80D6-38ECA980AEEA}.Debug|x86.Build.0 = Debug|x86
		{6FF7B13E-E896-46C7-80D6-38ECA980AEEA}.Debug-SWIG|x64.ActiveCfg = Debug|x64
		{6FF7B13E-E896-46C7-80D6-38ECA980AEEA}.Debug-SWIG|x64.Build.0 = Debug|x64
		{6FF7B13E-E896-46C7-80D6-38ECA980AEEA}.Debug-SWIG|x86.ActiveCfg = Debug|x86
		{6FF7B13E-E896-46C7-80D6-38ECA980AEEA}.Debug-SWIG|x86.Build.0 = Debug|x86
		{6FF7B13E-E896-46C7-80D6-38ECA980AEEA}.Release|x64.ActiveCfg = Release|x64
		{6FF7B13E-E896-46C7-80D6-38ECA980AEEA}.Release|x64.Build.0 = Release|x64
		{6FF7B13E-E896-46C7-80D6-38ECA980AEEA}.Release|x86.ActiveCfg = Release|x86
		{6FF7B13E-E896-46C7-80D6-38ECA980AEEA}.Release|x86.Build.0 = Release|x86
		{6FF7B13E-E896-46C7-80D6-38ECA980AEEA}.Release-SWIG|x64.ActiveCfg = Release|x64
		{6FF7B13E-E896-46C7-80D6-38ECA980AEEA}.Release-SWIG|x64.Build.0 = Release|x64
		{6FF7B13E-E896-46C7-80D6-38ECA980AEEA}.Release-SWIG|x86.ActiveCfg = Release|x86
		{6FF7B13E-E896-46C7-80D6-38ECA980AEEA}.Release-SWIG|x86.Build.0 = Release|x86
		{5F62CC62-DB34-4FCE-9B64-EB3A985B302C}.Debug|x64.ActiveCfg = Debug|x64
		{5F62CC62-DB34-4FCE-9B64-EB3A985B302C}.Debug|x64.Build.0 = Debug|x64
		{5F62CC62-DB34-4FCE-9B64-EB3A985B302C}.Debug|x86.ActiveCfg = Debug|Win32
		{5F62CC62-DB34-4FCE-9B64-EB3A985B302C}.Debug|x86.Build.0 = Debug|Win32
		{5F62CC62-DB34-4FCE-9B64-EB3A985B302C}.Debug-SWIG|x64.ActiveCfg = Debug|x64
		{5F62CC62-DB34-4FCE-9B64-EB3A985B302C}.Debug-SWIG|x64.Build.0 = Debug|x64
		{5F62CC62-DB34-4FCE-9B64-EB3A985B302C}.Debug-SWIG|x86.ActiveCfg = Debug|Win32
		{5F62CC62-DB34-4FCE-9B64-EB3A985B302C}.Debug-SWIG|x86.Build.0 = Debug|Win32
		{5F62CC62-DB34-4FCE-9B64-EB3A985B302C}.Release|x64.ActiveCfg = Release|x64
		{5F62CC62-DB34-4FCE-9B64-EB3A985B302C}.Release|x64.Build.0 = Release|x64
		{5F62CC62-DB34-4FCE-9B64-EB3A985B302C}.Release|x86.ActiveCfg = Release|Win32
		{5F62CC62-DB34-4FCE-9B64-EB3A985B302C}.Release|x86.Build.0 = Release|Win32
		{5F62CC62-DB34-4FCE-9B64-EB3A985B302C}.Release-SWIG|x64.ActiveCfg = Release|x64
		{5F62CC62-DB34-4FCE-9B64-EB3A985B302C}.Release-SWIG|x64.Build.0 = Release|x64
		{5F62CC62-DB34-4FCE-9B64-EB3A985B302C}.Release-SWIG|x86.ActiveCfg = Release|Win32
		{5F62CC62-DB34-4FCE-9B64-EB3A985B302C}.Release-SWIG|x86.Build.0 = Release|Win32
		{759721EF-40AE-4763-B225-6CD2710219F8}.Debug|x64.ActiveCfg = Debug|x64
		{759721EF-40AE-4763-B225-6CD2710219F8}.Debug|x64.Build.0 = Debug|x64
		{759721EF-40AE-4763-B225-6CD2710219F8}.Debug|x86.ActiveCfg = Debug|Win32
		{759721EF-40AE-4763-B225-6CD2710219F8}.Debug|x86.Build.0 = Debug|Win32
		{759721EF-40AE-4763-B225-6CD2710219F8}.Debug-SWIG|x64.ActiveCfg = Debug-SWIG|x64
		{759721EF-40AE-4763-B225-6CD2710219F8}.Debug-SWIG|x64.Build.0 = Debug-SWIG|x64
		{759721EF-40AE-4763-B225-6CD2710219F8}.Debug-SWIG|x86.ActiveCfg = Debug-SWIG|Win32
		{759721EF-40AE-4763-B225-6CD2710219F8}.Debug-SWIG|x86.Build.0 = Debug-SWIG|Win32
		{759721EF-40AE-4763-B225-6CD2710219F8}.Release|x64.ActiveCfg = Release|x64
		{759721EF-40AE-4763-B225-6CD2710219F8}.Release|x64.Build.0 = Release|x64
		{759721EF-40AE-4763-B225-6CD2710219F8}.Release|x86.ActiveCfg = Release|Win32
		{759721EF-40AE-4763-B225-6CD2710219F8}.Release|x86.Build.0 = Release|Win32
		{759721EF-40AE-4763-B225-6CD2710219F8}.Release-SWIG|x64.ActiveCfg = Release-SWIG|x64
		{759721EF-40AE-4763-B225-6CD2710219F8}.Release-SWIG|x64.Build.0 = Release-SWIG|x64
		{759721EF-40AE-4763-B225-6CD2710219F8}.Release-SWIG|x86.ActiveCfg = Release-SWIG|Win32
		{759721EF-40AE-4763-B225-6CD2710219F8}.Release-SWIG|x86.Build.0 = Release-SWIG|Win32
	EndGlobalSection
	GlobalSection(SolutionProperties) = preSolution
		HideSolutionNode = FALSE
	EndGlobalSection
	GlobalSection(NestedProjects) = preSolution
		{6FF7B13E-E896-46C7-80D6-38ECA980AEEA} = {BF396782-BBCA-48F9-97BB-B34DE3A27B1F}
		{5F62CC62-DB34-4FCE-9B64-EB3A985B302C} = {BF396782-BBCA-48F9-97BB-B34DE3A27B1F}
		{759721EF-40AE-4763-B225-6CD2710219F8} = {BF396782-BBCA-48F9-97BB-B34DE3A27B1F}
	EndGlobalSection
	GlobalSection(ExtensibilityGlobals) = postSolution
		SolutionGuid = {DF3A4AE9-5250-4827-9634-1E11B7C0F3DE}
	EndGlobalSection
EndGlobal
